
Microsoft Visual Studio Solution File, Format Version 12.00
# Visual Studio Version 17
VisualStudioVersion = 17.11.35219.272
MinimumVisualStudioVersion = 10.0.40219.1
Project("{9A19103F-16F7-4668-BE54-9A1E7A4F7556}") = "ScoreSharpTestData", "ScoreSharpTestData.csproj", "{0644F439-D7A2-46C4-ADAD-406B7871425F}"
EndProject
Project("{FAE04EC0-301F-11D3-BF4B-00C04F79EFBC}") = "GetDocFromDB", "..\GetDocFromDB\GetDocFromDB.csproj", "{15127912-96C4-4E4A-A438-9363C1DEDC07}"
EndProject
Global
	GlobalSection(SolutionConfigurationPlatforms) = preSolution
		Debug|Any CPU = Debug|Any CPU
		Release|Any CPU = Release|Any CPU
	EndGlobalSection
	GlobalSection(ProjectConfigurationPlatforms) = postSolution
		{0644F439-D7A2-46C4-ADAD-406B7871425F}.Debug|Any CPU.ActiveCfg = Debug|Any CPU
		{0644F439-D7A2-46C4-ADAD-406B7871425F}.Debug|Any CPU.Build.0 = Debug|Any CPU
		{0644F439-D7A2-46C4-ADAD-406B7871425F}.Release|Any CPU.ActiveCfg = Release|Any CPU
		{0644F439-D7A2-46C4-ADAD-406B7871425F}.Release|Any CPU.Build.0 = Release|Any CPU
		{15127912-96C4-4E4A-A438-9363C1DEDC07}.Debug|Any CPU.ActiveCfg = Debug|Any CPU
		{15127912-96C4-4E4A-A438-9363C1DEDC07}.Debug|Any CPU.Build.0 = Debug|Any CPU
		{15127912-96C4-4E4A-A438-9363C1DEDC07}.Release|Any CPU.ActiveCfg = Release|Any CPU
		{15127912-96C4-4E4A-A438-9363C1DEDC07}.Release|Any CPU.Build.0 = Release|Any CPU
	EndGlobalSection
	GlobalSection(SolutionProperties) = preSolution
		HideSolutionNode = FALSE
	EndGlobalSection
	GlobalSection(ExtensibilityGlobals) = postSolution
		SolutionGuid = {ABE61979-1D52-4380-A7FC-C91F00209377}
	EndGlobalSection
EndGlobal
